
Microsoft Visual Studio Solution File, Format Version 12.00
# Visual Studio Version 16
VisualStudioVersion = 16.0.33130.400
MinimumVisualStudioVersion = 10.0.40219.1
Project("{FAE04EC0-301F-11D3-BF4B-00C04F79EFBC}") = "01.SortEvenNumbedrs", "01.SortEvenNumbedrs\01.SortEvenNumbedrs.csproj", "{2EFC4851-A1D9-4557-9886-DE2DD198D0FD}"
EndProject
Project("{FAE04EC0-301F-11D3-BF4B-00C04F79EFBC}") = "02.SumNumbers", "02.SumNumbers\02.SumNumbers.csproj", "{54809F28-76A6-46CF-9375-3FFBEDD451AA}"
EndProject
Project("{FAE04EC0-301F-11D3-BF4B-00C04F79EFBC}") = "03.CountUppercaseWords", "03.CountUppercaseWords\03.CountUppercaseWords.csproj", "{356F3AC1-BFB1-417B-94C8-FF9DFD3AF433}"
EndProject
Project("{FAE04EC0-301F-11D3-BF4B-00C04F79EFBC}") = "04.AddVAT", "04.AddVAT\04.AddVAT.csproj", "{C87BB826-DC6A-4AC0-968D-30AF0D058DA0}"
EndProject
Project("{FAE04EC0-301F-11D3-BF4B-00C04F79EFBC}") = "05.FilterByAge", "05.FilterByAge\05.FilterByAge.csproj", "{B60E5340-F4F8-4545-BCD9-9D901E323EFC}"
EndProject
Global
	GlobalSection(SolutionConfigurationPlatforms) = preSolution
		Debug|Any CPU = Debug|Any CPU
		Release|Any CPU = Release|Any CPU
	EndGlobalSection
	GlobalSection(ProjectConfigurationPlatforms) = postSolution
		{2EFC4851-A1D9-4557-9886-DE2DD198D0FD}.Debug|Any CPU.ActiveCfg = Debug|Any CPU
		{2EFC4851-A1D9-4557-9886-DE2DD198D0FD}.Debug|Any CPU.Build.0 = Debug|Any CPU
		{2EFC4851-A1D9-4557-9886-DE2DD198D0FD}.Release|Any CPU.ActiveCfg = Release|Any CPU
		{2EFC4851-A1D9-4557-9886-DE2DD198D0FD}.Release|Any CPU.Build.0 = Release|Any CPU
		{54809F28-76A6-46CF-9375-3FFBEDD451AA}.Debug|Any CPU.ActiveCfg = Debug|Any CPU
		{54809F28-76A6-46CF-9375-3FFBEDD451AA}.Debug|Any CPU.Build.0 = Debug|Any CPU
		{54809F28-76A6-46CF-9375-3FFBEDD451AA}.Release|Any CPU.ActiveCfg = Release|Any CPU
		{54809F28-76A6-46CF-9375-3FFBEDD451AA}.Release|Any CPU.Build.0 = Release|Any CPU
		{356F3AC1-BFB1-417B-94C8-FF9DFD3AF433}.Debug|Any CPU.ActiveCfg = Debug|Any CPU
		{356F3AC1-BFB1-417B-94C8-FF9DFD3AF433}.Debug|Any CPU.Build.0 = Debug|Any CPU
		{356F3AC1-BFB1-417B-94C8-FF9DFD3AF433}.Release|Any CPU.ActiveCfg = Release|Any CPU
		{356F3AC1-BFB1-417B-94C8-FF9DFD3AF433}.Release|Any CPU.Build.0 = Release|Any CPU
		{C87BB826-DC6A-4AC0-968D-30AF0D058DA0}.Debug|Any CPU.ActiveCfg = Debug|Any CPU
		{C87BB826-DC6A-4AC0-968D-30AF0D058DA0}.Debug|Any CPU.Build.0 = Debug|Any CPU
		{C87BB826-DC6A-4AC0-968D-30AF0D058DA0}.Release|Any CPU.ActiveCfg = Release|Any CPU
		{C87BB826-DC6A-4AC0-968D-30AF0D058DA0}.Release|Any CPU.Build.0 = Release|Any CPU
		{B60E5340-F4F8-4545-BCD9-9D901E323EFC}.Debug|Any CPU.ActiveCfg = Debug|Any CPU
		{B60E5340-F4F8-4545-BCD9-9D901E323EFC}.Debug|Any CPU.Build.0 = Debug|Any CPU
		{B60E5340-F4F8-4545-BCD9-9D901E323EFC}.Release|Any CPU.ActiveCfg = Release|Any CPU
		{B60E5340-F4F8-4545-BCD9-9D901E323EFC}.Release|Any CPU.Build.0 = Release|Any CPU
	EndGlobalSection
	GlobalSection(SolutionProperties) = preSolution
		HideSolutionNode = FALSE
	EndGlobalSection
	GlobalSection(ExtensibilityGlobals) = postSolution
		SolutionGuid = {9BCAA29C-9FCC-4134-8886-78167421AF76}
	EndGlobalSection
EndGlobal
