
Microsoft Visual Studio Solution File, Format Version 12.00
# Visual Studio Version 17
VisualStudioVersion = 17.5.33516.290
MinimumVisualStudioVersion = 10.0.40219.1
Project("{9A19103F-16F7-4668-BE54-9A1E7A4F7556}") = "01.Vehicles", "01.Vehicles\01.Vehicles.csproj", "{5C7A473A-6FEB-41C3-ACCA-85A75BAF6598}"
EndProject
Project("{9A19103F-16F7-4668-BE54-9A1E7A4F7556}") = "04.WildFarm", "04.WIldFarm\04.WildFarm.csproj", "{A246ADB5-78C8-4BF3-937C-2412B0F505DC}"
EndProject
Project("{FAE04EC0-301F-11D3-BF4B-00C04F79EFBC}") = "02.VehiclesExtension", "02.WehiclesExtension\02.VehiclesExtension.csproj", "{09A458A7-D9A4-48E7-A46D-AC2DCC04DEBB}"
EndProject
Global
	GlobalSection(SolutionConfigurationPlatforms) = preSolution
		Debug|Any CPU = Debug|Any CPU
		Release|Any CPU = Release|Any CPU
	EndGlobalSection
	GlobalSection(ProjectConfigurationPlatforms) = postSolution
		{5C7A473A-6FEB-41C3-ACCA-85A75BAF6598}.Debug|Any CPU.ActiveCfg = Debug|Any CPU
		{5C7A473A-6FEB-41C3-ACCA-85A75BAF6598}.Debug|Any CPU.Build.0 = Debug|Any CPU
		{5C7A473A-6FEB-41C3-ACCA-85A75BAF6598}.Release|Any CPU.ActiveCfg = Release|Any CPU
		{5C7A473A-6FEB-41C3-ACCA-85A75BAF6598}.Release|Any CPU.Build.0 = Release|Any CPU
		{A246ADB5-78C8-4BF3-937C-2412B0F505DC}.Debug|Any CPU.ActiveCfg = Debug|Any CPU
		{A246ADB5-78C8-4BF3-937C-2412B0F505DC}.Debug|Any CPU.Build.0 = Debug|Any CPU
		{A246ADB5-78C8-4BF3-937C-2412B0F505DC}.Release|Any CPU.ActiveCfg = Release|Any CPU
		{A246ADB5-78C8-4BF3-937C-2412B0F505DC}.Release|Any CPU.Build.0 = Release|Any CPU
		{09A458A7-D9A4-48E7-A46D-AC2DCC04DEBB}.Debug|Any CPU.ActiveCfg = Debug|Any CPU
		{09A458A7-D9A4-48E7-A46D-AC2DCC04DEBB}.Debug|Any CPU.Build.0 = Debug|Any CPU
		{09A458A7-D9A4-48E7-A46D-AC2DCC04DEBB}.Release|Any CPU.ActiveCfg = Release|Any CPU
		{09A458A7-D9A4-48E7-A46D-AC2DCC04DEBB}.Release|Any CPU.Build.0 = Release|Any CPU
	EndGlobalSection
	GlobalSection(SolutionProperties) = preSolution
		HideSolutionNode = FALSE
	EndGlobalSection
	GlobalSection(ExtensibilityGlobals) = postSolution
		SolutionGuid = {99A7713E-8DAB-46D4-93E2-7177387E4A4C}
	EndGlobalSection
EndGlobal
