
Microsoft Visual Studio Solution File, Format Version 12.00
# Visual Studio Version 17
VisualStudioVersion = 17.5.33516.290
MinimumVisualStudioVersion = 10.0.40219.1
Project("{9A19103F-16F7-4668-BE54-9A1E7A4F7556}") = "UniversityCompetition", "UniversityCompetition.csproj", "{ACC81C54-6483-4D7B-B7D1-F72818B579C1}"
EndProject
Global
	GlobalSection(SolutionConfigurationPlatforms) = preSolution
		Debug|Any CPU = Debug|Any CPU
		Release|Any CPU = Release|Any CPU
	EndGlobalSection
	GlobalSection(ProjectConfigurationPlatforms) = postSolution
		{ACC81C54-6483-4D7B-B7D1-F72818B579C1}.Debug|Any CPU.ActiveCfg = Debug|Any CPU
		{ACC81C54-6483-4D7B-B7D1-F72818B579C1}.Debug|Any CPU.Build.0 = Debug|Any CPU
		{ACC81C54-6483-4D7B-B7D1-F72818B579C1}.Release|Any CPU.ActiveCfg = Release|Any CPU
		{ACC81C54-6483-4D7B-B7D1-F72818B579C1}.Release|Any CPU.Build.0 = Release|Any CPU
	EndGlobalSection
	GlobalSection(SolutionProperties) = preSolution
		HideSolutionNode = FALSE
	EndGlobalSection
	GlobalSection(ExtensibilityGlobals) = postSolution
		SolutionGuid = {3A6912AA-C58C-496E-92D8-69E6F4CBEE15}
	EndGlobalSection
EndGlobal
