
Microsoft Visual Studio Solution File, Format Version 12.00
# Visual Studio Version 16
VisualStudioVersion = 16.0.32126.315
MinimumVisualStudioVersion = 10.0.40219.1
Project("{FAE04EC0-301F-11D3-BF4B-00C04F79EFBC}") = "05.Journey", "05.Journey\05.Journey.csproj", "{251F9A0D-6874-44E5-8E80-81FB4FBE04D3}"
EndProject
Project("{FAE04EC0-301F-11D3-BF4B-00C04F79EFBC}") = "06.OperationsBetweenNumbers", "06.OperationsBetweenNumbers\06.OperationsBetweenNumbers.csproj", "{338BF9B4-7E5E-4636-8352-AEBA7B03DB07}"
EndProject
Project("{FAE04EC0-301F-11D3-BF4B-00C04F79EFBC}") = "07.HotelRoom", "07.HotelRoom\07.HotelRoom.csproj", "{28AFC286-B4A4-4046-9F26-941D0B64210B}"
EndProject
Global
	GlobalSection(SolutionConfigurationPlatforms) = preSolution
		Debug|Any CPU = Debug|Any CPU
		Release|Any CPU = Release|Any CPU
	EndGlobalSection
	GlobalSection(ProjectConfigurationPlatforms) = postSolution
		{251F9A0D-6874-44E5-8E80-81FB4FBE04D3}.Debug|Any CPU.ActiveCfg = Debug|Any CPU
		{251F9A0D-6874-44E5-8E80-81FB4FBE04D3}.Debug|Any CPU.Build.0 = Debug|Any CPU
		{251F9A0D-6874-44E5-8E80-81FB4FBE04D3}.Release|Any CPU.ActiveCfg = Release|Any CPU
		{251F9A0D-6874-44E5-8E80-81FB4FBE04D3}.Release|Any CPU.Build.0 = Release|Any CPU
		{338BF9B4-7E5E-4636-8352-AEBA7B03DB07}.Debug|Any CPU.ActiveCfg = Debug|Any CPU
		{338BF9B4-7E5E-4636-8352-AEBA7B03DB07}.Debug|Any CPU.Build.0 = Debug|Any CPU
		{338BF9B4-7E5E-4636-8352-AEBA7B03DB07}.Release|Any CPU.ActiveCfg = Release|Any CPU
		{338BF9B4-7E5E-4636-8352-AEBA7B03DB07}.Release|Any CPU.Build.0 = Release|Any CPU
		{28AFC286-B4A4-4046-9F26-941D0B64210B}.Debug|Any CPU.ActiveCfg = Debug|Any CPU
		{28AFC286-B4A4-4046-9F26-941D0B64210B}.Debug|Any CPU.Build.0 = Debug|Any CPU
		{28AFC286-B4A4-4046-9F26-941D0B64210B}.Release|Any CPU.ActiveCfg = Release|Any CPU
		{28AFC286-B4A4-4046-9F26-941D0B64210B}.Release|Any CPU.Build.0 = Release|Any CPU
	EndGlobalSection
	GlobalSection(SolutionProperties) = preSolution
		HideSolutionNode = FALSE
	EndGlobalSection
	GlobalSection(ExtensibilityGlobals) = postSolution
		SolutionGuid = {B8FBD350-26CC-463E-BF2F-6DE5130A438F}
	EndGlobalSection
EndGlobal
