
Microsoft Visual Studio Solution File, Format Version 12.00
# Visual Studio Version 16
VisualStudioVersion = 16.0.33130.400
MinimumVisualStudioVersion = 10.0.40219.1
Project("{FAE04EC0-301F-11D3-BF4B-00C04F79EFBC}") = "01.CountSameValueInArray", "01.CountSameValueInArray\01.CountSameValueInArray.csproj", "{661AFB04-EA9B-4D4B-AEF3-99E408648F2E}"
EndProject
Project("{FAE04EC0-301F-11D3-BF4B-00C04F79EFBC}") = "02.AverageStudentGrades", "02.AverageStudentGrades\02.AverageStudentGrades.csproj", "{71DB839A-1CF1-4C95-8BFC-AAF5C3499E74}"
EndProject
Project("{FAE04EC0-301F-11D3-BF4B-00C04F79EFBC}") = "03.LargestThreeNumbers", "03.LargestThreeNumbers\03.LargestThreeNumbers.csproj", "{B8973ACC-D768-4380-B52C-3DBB55DDB2D7}"
EndProject
Project("{FAE04EC0-301F-11D3-BF4B-00C04F79EFBC}") = "04.ProductShop", "04.ProductShop\04.ProductShop.csproj", "{27264EF4-6C0C-4B00-B680-9A6B11831335}"
EndProject
Project("{FAE04EC0-301F-11D3-BF4B-00C04F79EFBC}") = "05.CitiesByContinentAndCountry", "05.CitiesByContinentAndCountry\05.CitiesByContinentAndCountry.csproj", "{A5C4077D-92AE-4430-A047-A781BEC39933}"
EndProject
Global
	GlobalSection(SolutionConfigurationPlatforms) = preSolution
		Debug|Any CPU = Debug|Any CPU
		Release|Any CPU = Release|Any CPU
	EndGlobalSection
	GlobalSection(ProjectConfigurationPlatforms) = postSolution
		{661AFB04-EA9B-4D4B-AEF3-99E408648F2E}.Debug|Any CPU.ActiveCfg = Debug|Any CPU
		{661AFB04-EA9B-4D4B-AEF3-99E408648F2E}.Debug|Any CPU.Build.0 = Debug|Any CPU
		{661AFB04-EA9B-4D4B-AEF3-99E408648F2E}.Release|Any CPU.ActiveCfg = Release|Any CPU
		{661AFB04-EA9B-4D4B-AEF3-99E408648F2E}.Release|Any CPU.Build.0 = Release|Any CPU
		{71DB839A-1CF1-4C95-8BFC-AAF5C3499E74}.Debug|Any CPU.ActiveCfg = Debug|Any CPU
		{71DB839A-1CF1-4C95-8BFC-AAF5C3499E74}.Debug|Any CPU.Build.0 = Debug|Any CPU
		{71DB839A-1CF1-4C95-8BFC-AAF5C3499E74}.Release|Any CPU.ActiveCfg = Release|Any CPU
		{71DB839A-1CF1-4C95-8BFC-AAF5C3499E74}.Release|Any CPU.Build.0 = Release|Any CPU
		{B8973ACC-D768-4380-B52C-3DBB55DDB2D7}.Debug|Any CPU.ActiveCfg = Debug|Any CPU
		{B8973ACC-D768-4380-B52C-3DBB55DDB2D7}.Debug|Any CPU.Build.0 = Debug|Any CPU
		{B8973ACC-D768-4380-B52C-3DBB55DDB2D7}.Release|Any CPU.ActiveCfg = Release|Any CPU
		{B8973ACC-D768-4380-B52C-3DBB55DDB2D7}.Release|Any CPU.Build.0 = Release|Any CPU
		{27264EF4-6C0C-4B00-B680-9A6B11831335}.Debug|Any CPU.ActiveCfg = Debug|Any CPU
		{27264EF4-6C0C-4B00-B680-9A6B11831335}.Debug|Any CPU.Build.0 = Debug|Any CPU
		{27264EF4-6C0C-4B00-B680-9A6B11831335}.Release|Any CPU.ActiveCfg = Release|Any CPU
		{27264EF4-6C0C-4B00-B680-9A6B11831335}.Release|Any CPU.Build.0 = Release|Any CPU
		{A5C4077D-92AE-4430-A047-A781BEC39933}.Debug|Any CPU.ActiveCfg = Debug|Any CPU
		{A5C4077D-92AE-4430-A047-A781BEC39933}.Debug|Any CPU.Build.0 = Debug|Any CPU
		{A5C4077D-92AE-4430-A047-A781BEC39933}.Release|Any CPU.ActiveCfg = Release|Any CPU
		{A5C4077D-92AE-4430-A047-A781BEC39933}.Release|Any CPU.Build.0 = Release|Any CPU
	EndGlobalSection
	GlobalSection(SolutionProperties) = preSolution
		HideSolutionNode = FALSE
	EndGlobalSection
	GlobalSection(ExtensibilityGlobals) = postSolution
		SolutionGuid = {EEF18797-5199-49D2-A6A8-A8C012ACC864}
	EndGlobalSection
EndGlobal
