
Microsoft Visual Studio Solution File, Format Version 12.00
# Visual Studio Version 16
VisualStudioVersion = 16.0.32126.315
MinimumVisualStudioVersion = 10.0.40219.1
Project("{9A19103F-16F7-4668-BE54-9A1E7A4F7556}") = "01.SumSeconds", "01.SumSeconds\01.SumSeconds.csproj", "{2F92D783-46AC-4E51-B044-3BBBDE1F6926}"
EndProject
Project("{9A19103F-16F7-4668-BE54-9A1E7A4F7556}") = "02.BonusScore", "02.BonusScore\02.BonusScore.csproj", "{2BA402F2-FA66-4791-8708-7E071E2510CF}"
EndProject
Project("{9A19103F-16F7-4668-BE54-9A1E7A4F7556}") = "03.Time+15Minutes", "03.Time+15Minutes\03.Time+15Minutes.csproj", "{55E54FF5-807F-482B-9EA0-2ADBF3CA26F5}"
EndProject
Project("{9A19103F-16F7-4668-BE54-9A1E7A4F7556}") = "05.Godzillavs.Kong", "05.Godzillavs.Kong\05.Godzillavs.Kong.csproj", "{DD1F7859-880F-4EA6-B78E-3B7E421DD6EC}"
EndProject
Project("{9A19103F-16F7-4668-BE54-9A1E7A4F7556}") = "06.WorldSwimmingRecord", "06.WorldSwimmingRecord\06.WorldSwimmingRecord.csproj", "{6DA785E7-5EE2-48B0-B496-F03234CAE159}"
EndProject
Project("{9A19103F-16F7-4668-BE54-9A1E7A4F7556}") = "04.ToyShop", "04.ToyShop\04.ToyShop.csproj", "{FC6A912D-5CED-4B34-9858-EA95DD2A26D5}"
EndProject
Project("{FAE04EC0-301F-11D3-BF4B-00C04F79EFBC}") = "07.Shopping", "07.Shopping\07.Shopping.csproj", "{1AFC99CC-D44D-4D40-B014-5A65948A9A53}"
EndProject
Project("{FAE04EC0-301F-11D3-BF4B-00C04F79EFBC}") = "08.LunchBreak", "08.LunchBreak\08.LunchBreak.csproj", "{D2229CA8-3126-428F-8DA8-74C5F5C9040C}"
EndProject
Global
	GlobalSection(SolutionConfigurationPlatforms) = preSolution
		Debug|Any CPU = Debug|Any CPU
		Release|Any CPU = Release|Any CPU
	EndGlobalSection
	GlobalSection(ProjectConfigurationPlatforms) = postSolution
		{2F92D783-46AC-4E51-B044-3BBBDE1F6926}.Debug|Any CPU.ActiveCfg = Debug|Any CPU
		{2F92D783-46AC-4E51-B044-3BBBDE1F6926}.Debug|Any CPU.Build.0 = Debug|Any CPU
		{2F92D783-46AC-4E51-B044-3BBBDE1F6926}.Release|Any CPU.ActiveCfg = Release|Any CPU
		{2F92D783-46AC-4E51-B044-3BBBDE1F6926}.Release|Any CPU.Build.0 = Release|Any CPU
		{2BA402F2-FA66-4791-8708-7E071E2510CF}.Debug|Any CPU.ActiveCfg = Debug|Any CPU
		{2BA402F2-FA66-4791-8708-7E071E2510CF}.Debug|Any CPU.Build.0 = Debug|Any CPU
		{2BA402F2-FA66-4791-8708-7E071E2510CF}.Release|Any CPU.ActiveCfg = Release|Any CPU
		{2BA402F2-FA66-4791-8708-7E071E2510CF}.Release|Any CPU.Build.0 = Release|Any CPU
		{55E54FF5-807F-482B-9EA0-2ADBF3CA26F5}.Debug|Any CPU.ActiveCfg = Debug|Any CPU
		{55E54FF5-807F-482B-9EA0-2ADBF3CA26F5}.Debug|Any CPU.Build.0 = Debug|Any CPU
		{55E54FF5-807F-482B-9EA0-2ADBF3CA26F5}.Release|Any CPU.ActiveCfg = Release|Any CPU
		{55E54FF5-807F-482B-9EA0-2ADBF3CA26F5}.Release|Any CPU.Build.0 = Release|Any CPU
		{DD1F7859-880F-4EA6-B78E-3B7E421DD6EC}.Debug|Any CPU.ActiveCfg = Debug|Any CPU
		{DD1F7859-880F-4EA6-B78E-3B7E421DD6EC}.Debug|Any CPU.Build.0 = Debug|Any CPU
		{DD1F7859-880F-4EA6-B78E-3B7E421DD6EC}.Release|Any CPU.ActiveCfg = Release|Any CPU
		{DD1F7859-880F-4EA6-B78E-3B7E421DD6EC}.Release|Any CPU.Build.0 = Release|Any CPU
		{6DA785E7-5EE2-48B0-B496-F03234CAE159}.Debug|Any CPU.ActiveCfg = Debug|Any CPU
		{6DA785E7-5EE2-48B0-B496-F03234CAE159}.Debug|Any CPU.Build.0 = Debug|Any CPU
		{6DA785E7-5EE2-48B0-B496-F03234CAE159}.Release|Any CPU.ActiveCfg = Release|Any CPU
		{6DA785E7-5EE2-48B0-B496-F03234CAE159}.Release|Any CPU.Build.0 = Release|Any CPU
		{FC6A912D-5CED-4B34-9858-EA95DD2A26D5}.Debug|Any CPU.ActiveCfg = Debug|Any CPU
		{FC6A912D-5CED-4B34-9858-EA95DD2A26D5}.Debug|Any CPU.Build.0 = Debug|Any CPU
		{FC6A912D-5CED-4B34-9858-EA95DD2A26D5}.Release|Any CPU.ActiveCfg = Release|Any CPU
		{FC6A912D-5CED-4B34-9858-EA95DD2A26D5}.Release|Any CPU.Build.0 = Release|Any CPU
		{1AFC99CC-D44D-4D40-B014-5A65948A9A53}.Debug|Any CPU.ActiveCfg = Debug|Any CPU
		{1AFC99CC-D44D-4D40-B014-5A65948A9A53}.Debug|Any CPU.Build.0 = Debug|Any CPU
		{1AFC99CC-D44D-4D40-B014-5A65948A9A53}.Release|Any CPU.ActiveCfg = Release|Any CPU
		{1AFC99CC-D44D-4D40-B014-5A65948A9A53}.Release|Any CPU.Build.0 = Release|Any CPU
		{D2229CA8-3126-428F-8DA8-74C5F5C9040C}.Debug|Any CPU.ActiveCfg = Debug|Any CPU
		{D2229CA8-3126-428F-8DA8-74C5F5C9040C}.Debug|Any CPU.Build.0 = Debug|Any CPU
		{D2229CA8-3126-428F-8DA8-74C5F5C9040C}.Release|Any CPU.ActiveCfg = Release|Any CPU
		{D2229CA8-3126-428F-8DA8-74C5F5C9040C}.Release|Any CPU.Build.0 = Release|Any CPU
	EndGlobalSection
	GlobalSection(SolutionProperties) = preSolution
		HideSolutionNode = FALSE
	EndGlobalSection
	GlobalSection(ExtensibilityGlobals) = postSolution
		SolutionGuid = {019CFA02-E873-4CE7-B4EB-F30C590649DA}
	EndGlobalSection
EndGlobal
