
Microsoft Visual Studio Solution File, Format Version 12.00
# Visual Studio Version 16
VisualStudioVersion = 16.0.33130.400
MinimumVisualStudioVersion = 10.0.40219.1
Project("{FAE04EC0-301F-11D3-BF4B-00C04F79EFBC}") = "01.ConvertMetersToKilometers", "01.ConvertMetersToKilometers\01.ConvertMetersToKilometers.csproj", "{7EEFFCFD-9E2F-4BB4-A1AF-8F09C11AC22F}"
EndProject
Global
	GlobalSection(SolutionConfigurationPlatforms) = preSolution
		Debug|Any CPU = Debug|Any CPU
		Release|Any CPU = Release|Any CPU
	EndGlobalSection
	GlobalSection(ProjectConfigurationPlatforms) = postSolution
		{7EEFFCFD-9E2F-4BB4-A1AF-8F09C11AC22F}.Debug|Any CPU.ActiveCfg = Debug|Any CPU
		{7EEFFCFD-9E2F-4BB4-A1AF-8F09C11AC22F}.Debug|Any CPU.Build.0 = Debug|Any CPU
		{7EEFFCFD-9E2F-4BB4-A1AF-8F09C11AC22F}.Release|Any CPU.ActiveCfg = Release|Any CPU
		{7EEFFCFD-9E2F-4BB4-A1AF-8F09C11AC22F}.Release|Any CPU.Build.0 = Release|Any CPU
	EndGlobalSection
	GlobalSection(SolutionProperties) = preSolution
		HideSolutionNode = FALSE
	EndGlobalSection
	GlobalSection(ExtensibilityGlobals) = postSolution
		SolutionGuid = {2AA3CDAC-537D-4B27-B231-9A6D68455354}
	EndGlobalSection
EndGlobal
