
Microsoft Visual Studio Solution File, Format Version 12.00
# Visual Studio Version 16
VisualStudioVersion = 16.0.32126.315
MinimumVisualStudioVersion = 10.0.40219.1
Project("{FAE04EC0-301F-11D3-BF4B-00C04F79EFBC}") = "01.NumbersFrom1To100", "01.NumbersFrom1To100\01.NumbersFrom1To100.csproj", "{1CDB68BE-67DB-4A80-BFC6-2CF409B7D9DF}"
EndProject
Project("{FAE04EC0-301F-11D3-BF4B-00C04F79EFBC}") = "02.NumbersFromNTo1", "02.NumbersFromNTo1\02.NumbersFromNTo1.csproj", "{E8ABF0F5-92ED-463B-A699-45DE9FBE07E4}"
EndProject
Project("{FAE04EC0-301F-11D3-BF4B-00C04F79EFBC}") = "03.NumbersFrom1ToNWithStep3", "03.NumbersFrom1ToNWithStep3\03.NumbersFrom1ToNWithStep3.csproj", "{4228F904-43AD-425F-8055-805B0A679658}"
EndProject
Project("{FAE04EC0-301F-11D3-BF4B-00C04F79EFBC}") = "04.EvenPowersOf2", "04.EvenPowersOf2\04.EvenPowersOf2.csproj", "{16E4BF0C-9AD8-4465-BD5C-EB37D134C6E6}"
EndProject
Project("{FAE04EC0-301F-11D3-BF4B-00C04F79EFBC}") = "05.CharacterSequence", "05.CharacterSequence\05.CharacterSequence.csproj", "{CF72A922-B782-4AA1-BFA1-AF6BBE06F7AD}"
EndProject
Project("{FAE04EC0-301F-11D3-BF4B-00C04F79EFBC}") = "06.VowelsSum", "06.VowelsSum\06.VowelsSum.csproj", "{AEA8B2E6-6665-420A-9EB3-10F31472BE5D}"
EndProject
Project("{FAE04EC0-301F-11D3-BF4B-00C04F79EFBC}") = "07.SumNumbers", "07.SumNumbers\07.SumNumbers.csproj", "{5D8C17AA-ECC5-4E88-9F05-1D691C4AE5B9}"
EndProject
Project("{FAE04EC0-301F-11D3-BF4B-00C04F79EFBC}") = "08.NumberSequence", "08.NumberSequence\08.NumberSequence.csproj", "{E9984066-9BEB-420B-BDC0-D91ACF6D09E7}"
EndProject
Global
	GlobalSection(SolutionConfigurationPlatforms) = preSolution
		Debug|Any CPU = Debug|Any CPU
		Release|Any CPU = Release|Any CPU
	EndGlobalSection
	GlobalSection(ProjectConfigurationPlatforms) = postSolution
		{1CDB68BE-67DB-4A80-BFC6-2CF409B7D9DF}.Debug|Any CPU.ActiveCfg = Debug|Any CPU
		{1CDB68BE-67DB-4A80-BFC6-2CF409B7D9DF}.Debug|Any CPU.Build.0 = Debug|Any CPU
		{1CDB68BE-67DB-4A80-BFC6-2CF409B7D9DF}.Release|Any CPU.ActiveCfg = Release|Any CPU
		{1CDB68BE-67DB-4A80-BFC6-2CF409B7D9DF}.Release|Any CPU.Build.0 = Release|Any CPU
		{E8ABF0F5-92ED-463B-A699-45DE9FBE07E4}.Debug|Any CPU.ActiveCfg = Debug|Any CPU
		{E8ABF0F5-92ED-463B-A699-45DE9FBE07E4}.Debug|Any CPU.Build.0 = Debug|Any CPU
		{E8ABF0F5-92ED-463B-A699-45DE9FBE07E4}.Release|Any CPU.ActiveCfg = Release|Any CPU
		{E8ABF0F5-92ED-463B-A699-45DE9FBE07E4}.Release|Any CPU.Build.0 = Release|Any CPU
		{4228F904-43AD-425F-8055-805B0A679658}.Debug|Any CPU.ActiveCfg = Debug|Any CPU
		{4228F904-43AD-425F-8055-805B0A679658}.Debug|Any CPU.Build.0 = Debug|Any CPU
		{4228F904-43AD-425F-8055-805B0A679658}.Release|Any CPU.ActiveCfg = Release|Any CPU
		{4228F904-43AD-425F-8055-805B0A679658}.Release|Any CPU.Build.0 = Release|Any CPU
		{16E4BF0C-9AD8-4465-BD5C-EB37D134C6E6}.Debug|Any CPU.ActiveCfg = Debug|Any CPU
		{16E4BF0C-9AD8-4465-BD5C-EB37D134C6E6}.Debug|Any CPU.Build.0 = Debug|Any CPU
		{16E4BF0C-9AD8-4465-BD5C-EB37D134C6E6}.Release|Any CPU.ActiveCfg = Release|Any CPU
		{16E4BF0C-9AD8-4465-BD5C-EB37D134C6E6}.Release|Any CPU.Build.0 = Release|Any CPU
		{CF72A922-B782-4AA1-BFA1-AF6BBE06F7AD}.Debug|Any CPU.ActiveCfg = Debug|Any CPU
		{CF72A922-B782-4AA1-BFA1-AF6BBE06F7AD}.Debug|Any CPU.Build.0 = Debug|Any CPU
		{CF72A922-B782-4AA1-BFA1-AF6BBE06F7AD}.Release|Any CPU.ActiveCfg = Release|Any CPU
		{CF72A922-B782-4AA1-BFA1-AF6BBE06F7AD}.Release|Any CPU.Build.0 = Release|Any CPU
		{AEA8B2E6-6665-420A-9EB3-10F31472BE5D}.Debug|Any CPU.ActiveCfg = Debug|Any CPU
		{AEA8B2E6-6665-420A-9EB3-10F31472BE5D}.Debug|Any CPU.Build.0 = Debug|Any CPU
		{AEA8B2E6-6665-420A-9EB3-10F31472BE5D}.Release|Any CPU.ActiveCfg = Release|Any CPU
		{AEA8B2E6-6665-420A-9EB3-10F31472BE5D}.Release|Any CPU.Build.0 = Release|Any CPU
		{5D8C17AA-ECC5-4E88-9F05-1D691C4AE5B9}.Debug|Any CPU.ActiveCfg = Debug|Any CPU
		{5D8C17AA-ECC5-4E88-9F05-1D691C4AE5B9}.Debug|Any CPU.Build.0 = Debug|Any CPU
		{5D8C17AA-ECC5-4E88-9F05-1D691C4AE5B9}.Release|Any CPU.ActiveCfg = Release|Any CPU
		{5D8C17AA-ECC5-4E88-9F05-1D691C4AE5B9}.Release|Any CPU.Build.0 = Release|Any CPU
		{E9984066-9BEB-420B-BDC0-D91ACF6D09E7}.Debug|Any CPU.ActiveCfg = Debug|Any CPU
		{E9984066-9BEB-420B-BDC0-D91ACF6D09E7}.Debug|Any CPU.Build.0 = Debug|Any CPU
		{E9984066-9BEB-420B-BDC0-D91ACF6D09E7}.Release|Any CPU.ActiveCfg = Release|Any CPU
		{E9984066-9BEB-420B-BDC0-D91ACF6D09E7}.Release|Any CPU.Build.0 = Release|Any CPU
	EndGlobalSection
	GlobalSection(SolutionProperties) = preSolution
		HideSolutionNode = FALSE
	EndGlobalSection
	GlobalSection(ExtensibilityGlobals) = postSolution
		SolutionGuid = {5DFE9F4F-032C-43C8-B3CB-861CE5350332}
	EndGlobalSection
EndGlobal
