
Microsoft Visual Studio Solution File, Format Version 12.00
# Visual Studio Version 17
VisualStudioVersion = 17.5.33516.290
MinimumVisualStudioVersion = 10.0.40219.1
Project("{9A19103F-16F7-4668-BE54-9A1E7A4F7556}") = "01.DefineAnInterfaceIPerson", "01.DefineAnInterfaceIPerson\01.DefineAnInterfaceIPerson.csproj", "{967998F6-A53B-4D25-87AE-0AE9D8B5C54C}"
EndProject
Project("{9A19103F-16F7-4668-BE54-9A1E7A4F7556}") = "02.MultipleImplementation", "02.MultipleImplementation\02.MultipleImplementation.csproj", "{B8D0A4F5-2632-4064-8EE7-9D7219FEA2CD}"
EndProject
Project("{9A19103F-16F7-4668-BE54-9A1E7A4F7556}") = "03.Telephony", "03.Telephony\03.Telephony.csproj", "{308F841B-6BFB-4C77-BF35-00277BC9C79A}"
EndProject
Project("{9A19103F-16F7-4668-BE54-9A1E7A4F7556}") = "03.Telephony.v02", "03.Telephony.v02\03.Telephony.v02.csproj", "{F17EB768-8122-4847-8F24-BE83C55ED054}"
EndProject
Project("{9A19103F-16F7-4668-BE54-9A1E7A4F7556}") = "07.MilitaryElite", "07.MilitaryElite\07.MilitaryElite.csproj", "{DAE3B06C-9BD2-4540-91A4-91A23E0FFEE9}"
EndProject
Project("{9A19103F-16F7-4668-BE54-9A1E7A4F7556}") = "03.Telephony.v03", "03.Telephony.v03\03.Telephony.v03.csproj", "{135991F5-4401-4F8E-93F1-956C75527634}"
EndProject
Project("{9A19103F-16F7-4668-BE54-9A1E7A4F7556}") = "04.BorederControl", "04.BorederControl\04.BorederControl.csproj", "{D89467EF-86B3-498F-AC50-829DD0E6FF54}"
EndProject
Project("{FAE04EC0-301F-11D3-BF4B-00C04F79EFBC}") = "05.BirthdayCelebration", "05.BirthdayCelebration\05.BirthdayCelebration.csproj", "{005984DF-1A96-432F-AA7E-7F7EAB841ED6}"
EndProject
Project("{FAE04EC0-301F-11D3-BF4B-00C04F79EFBC}") = "06.FoodShortage", "06.FoodShortage\06.FoodShortage.csproj", "{D7843610-2069-4D1F-BA6D-12F7626380A4}"
EndProject
Global
	GlobalSection(SolutionConfigurationPlatforms) = preSolution
		Debug|Any CPU = Debug|Any CPU
		Release|Any CPU = Release|Any CPU
	EndGlobalSection
	GlobalSection(ProjectConfigurationPlatforms) = postSolution
		{967998F6-A53B-4D25-87AE-0AE9D8B5C54C}.Debug|Any CPU.ActiveCfg = Debug|Any CPU
		{967998F6-A53B-4D25-87AE-0AE9D8B5C54C}.Debug|Any CPU.Build.0 = Debug|Any CPU
		{967998F6-A53B-4D25-87AE-0AE9D8B5C54C}.Release|Any CPU.ActiveCfg = Release|Any CPU
		{967998F6-A53B-4D25-87AE-0AE9D8B5C54C}.Release|Any CPU.Build.0 = Release|Any CPU
		{B8D0A4F5-2632-4064-8EE7-9D7219FEA2CD}.Debug|Any CPU.ActiveCfg = Debug|Any CPU
		{B8D0A4F5-2632-4064-8EE7-9D7219FEA2CD}.Debug|Any CPU.Build.0 = Debug|Any CPU
		{B8D0A4F5-2632-4064-8EE7-9D7219FEA2CD}.Release|Any CPU.ActiveCfg = Release|Any CPU
		{B8D0A4F5-2632-4064-8EE7-9D7219FEA2CD}.Release|Any CPU.Build.0 = Release|Any CPU
		{308F841B-6BFB-4C77-BF35-00277BC9C79A}.Debug|Any CPU.ActiveCfg = Debug|Any CPU
		{308F841B-6BFB-4C77-BF35-00277BC9C79A}.Debug|Any CPU.Build.0 = Debug|Any CPU
		{308F841B-6BFB-4C77-BF35-00277BC9C79A}.Release|Any CPU.ActiveCfg = Release|Any CPU
		{308F841B-6BFB-4C77-BF35-00277BC9C79A}.Release|Any CPU.Build.0 = Release|Any CPU
		{F17EB768-8122-4847-8F24-BE83C55ED054}.Debug|Any CPU.ActiveCfg = Debug|Any CPU
		{F17EB768-8122-4847-8F24-BE83C55ED054}.Debug|Any CPU.Build.0 = Debug|Any CPU
		{F17EB768-8122-4847-8F24-BE83C55ED054}.Release|Any CPU.ActiveCfg = Release|Any CPU
		{F17EB768-8122-4847-8F24-BE83C55ED054}.Release|Any CPU.Build.0 = Release|Any CPU
		{DAE3B06C-9BD2-4540-91A4-91A23E0FFEE9}.Debug|Any CPU.ActiveCfg = Debug|Any CPU
		{DAE3B06C-9BD2-4540-91A4-91A23E0FFEE9}.Debug|Any CPU.Build.0 = Debug|Any CPU
		{DAE3B06C-9BD2-4540-91A4-91A23E0FFEE9}.Release|Any CPU.ActiveCfg = Release|Any CPU
		{DAE3B06C-9BD2-4540-91A4-91A23E0FFEE9}.Release|Any CPU.Build.0 = Release|Any CPU
		{135991F5-4401-4F8E-93F1-956C75527634}.Debug|Any CPU.ActiveCfg = Debug|Any CPU
		{135991F5-4401-4F8E-93F1-956C75527634}.Debug|Any CPU.Build.0 = Debug|Any CPU
		{135991F5-4401-4F8E-93F1-956C75527634}.Release|Any CPU.ActiveCfg = Release|Any CPU
		{135991F5-4401-4F8E-93F1-956C75527634}.Release|Any CPU.Build.0 = Release|Any CPU
		{D89467EF-86B3-498F-AC50-829DD0E6FF54}.Debug|Any CPU.ActiveCfg = Debug|Any CPU
		{D89467EF-86B3-498F-AC50-829DD0E6FF54}.Debug|Any CPU.Build.0 = Debug|Any CPU
		{D89467EF-86B3-498F-AC50-829DD0E6FF54}.Release|Any CPU.ActiveCfg = Release|Any CPU
		{D89467EF-86B3-498F-AC50-829DD0E6FF54}.Release|Any CPU.Build.0 = Release|Any CPU
		{005984DF-1A96-432F-AA7E-7F7EAB841ED6}.Debug|Any CPU.ActiveCfg = Debug|Any CPU
		{005984DF-1A96-432F-AA7E-7F7EAB841ED6}.Debug|Any CPU.Build.0 = Debug|Any CPU
		{005984DF-1A96-432F-AA7E-7F7EAB841ED6}.Release|Any CPU.ActiveCfg = Release|Any CPU
		{005984DF-1A96-432F-AA7E-7F7EAB841ED6}.Release|Any CPU.Build.0 = Release|Any CPU
		{D7843610-2069-4D1F-BA6D-12F7626380A4}.Debug|Any CPU.ActiveCfg = Debug|Any CPU
		{D7843610-2069-4D1F-BA6D-12F7626380A4}.Debug|Any CPU.Build.0 = Debug|Any CPU
		{D7843610-2069-4D1F-BA6D-12F7626380A4}.Release|Any CPU.ActiveCfg = Release|Any CPU
		{D7843610-2069-4D1F-BA6D-12F7626380A4}.Release|Any CPU.Build.0 = Release|Any CPU
	EndGlobalSection
	GlobalSection(SolutionProperties) = preSolution
		HideSolutionNode = FALSE
	EndGlobalSection
	GlobalSection(ExtensibilityGlobals) = postSolution
		SolutionGuid = {582E6510-971A-43DD-B3C6-CAE051244A22}
	EndGlobalSection
EndGlobal
