
Microsoft Visual Studio Solution File, Format Version 12.00
# Visual Studio Version 17
VisualStudioVersion = 17.5.33516.290
MinimumVisualStudioVersion = 10.0.40219.1
Project("{FAE04EC0-301F-11D3-BF4B-00C04F79EFBC}") = "Reflection", "Reflection\Reflection.csproj", "{BA5B7EF1-925E-40A4-9FF3-EBF160EB5CAC}"
EndProject
Project("{FAE04EC0-301F-11D3-BF4B-00C04F79EFBC}") = "TypeClass", "TypeClass\TypeClass.csproj", "{89BEBA91-2CAA-467E-88D9-FF3C090540CE}"
EndProject
Project("{FAE04EC0-301F-11D3-BF4B-00C04F79EFBC}") = "TypeClass1", "TypeClass1\TypeClass1.csproj", "{4CB1E7EE-11A0-4EC1-85DA-88DDDDB3B6BC}"
EndProject
Project("{FAE04EC0-301F-11D3-BF4B-00C04F79EFBC}") = "TypeClass2", "TypeClass2\TypeClass2.csproj", "{F71232BF-DD30-46A0-8364-7B8A55171ACB}"
EndProject
Project("{FAE04EC0-301F-11D3-BF4B-00C04F79EFBC}") = "TypeClass3", "TypeClass3\TypeClass3.csproj", "{A20E508D-812A-4E19-812E-4AD02F3105BC}"
EndProject
Project("{FAE04EC0-301F-11D3-BF4B-00C04F79EFBC}") = "WichFieldYouWantToRead", "WichFieldYouWantToRead\WichFieldYouWantToRead.csproj", "{4E698CD7-3DA3-4F25-9980-10C5E862BFA5}"
EndProject
Global
	GlobalSection(SolutionConfigurationPlatforms) = preSolution
		Debug|Any CPU = Debug|Any CPU
		Release|Any CPU = Release|Any CPU
	EndGlobalSection
	GlobalSection(ProjectConfigurationPlatforms) = postSolution
		{BA5B7EF1-925E-40A4-9FF3-EBF160EB5CAC}.Debug|Any CPU.ActiveCfg = Debug|Any CPU
		{BA5B7EF1-925E-40A4-9FF3-EBF160EB5CAC}.Debug|Any CPU.Build.0 = Debug|Any CPU
		{BA5B7EF1-925E-40A4-9FF3-EBF160EB5CAC}.Release|Any CPU.ActiveCfg = Release|Any CPU
		{BA5B7EF1-925E-40A4-9FF3-EBF160EB5CAC}.Release|Any CPU.Build.0 = Release|Any CPU
		{89BEBA91-2CAA-467E-88D9-FF3C090540CE}.Debug|Any CPU.ActiveCfg = Debug|Any CPU
		{89BEBA91-2CAA-467E-88D9-FF3C090540CE}.Debug|Any CPU.Build.0 = Debug|Any CPU
		{89BEBA91-2CAA-467E-88D9-FF3C090540CE}.Release|Any CPU.ActiveCfg = Release|Any CPU
		{89BEBA91-2CAA-467E-88D9-FF3C090540CE}.Release|Any CPU.Build.0 = Release|Any CPU
		{4CB1E7EE-11A0-4EC1-85DA-88DDDDB3B6BC}.Debug|Any CPU.ActiveCfg = Debug|Any CPU
		{4CB1E7EE-11A0-4EC1-85DA-88DDDDB3B6BC}.Debug|Any CPU.Build.0 = Debug|Any CPU
		{4CB1E7EE-11A0-4EC1-85DA-88DDDDB3B6BC}.Release|Any CPU.ActiveCfg = Release|Any CPU
		{4CB1E7EE-11A0-4EC1-85DA-88DDDDB3B6BC}.Release|Any CPU.Build.0 = Release|Any CPU
		{F71232BF-DD30-46A0-8364-7B8A55171ACB}.Debug|Any CPU.ActiveCfg = Debug|Any CPU
		{F71232BF-DD30-46A0-8364-7B8A55171ACB}.Debug|Any CPU.Build.0 = Debug|Any CPU
		{F71232BF-DD30-46A0-8364-7B8A55171ACB}.Release|Any CPU.ActiveCfg = Release|Any CPU
		{F71232BF-DD30-46A0-8364-7B8A55171ACB}.Release|Any CPU.Build.0 = Release|Any CPU
		{A20E508D-812A-4E19-812E-4AD02F3105BC}.Debug|Any CPU.ActiveCfg = Debug|Any CPU
		{A20E508D-812A-4E19-812E-4AD02F3105BC}.Debug|Any CPU.Build.0 = Debug|Any CPU
		{A20E508D-812A-4E19-812E-4AD02F3105BC}.Release|Any CPU.ActiveCfg = Release|Any CPU
		{A20E508D-812A-4E19-812E-4AD02F3105BC}.Release|Any CPU.Build.0 = Release|Any CPU
		{4E698CD7-3DA3-4F25-9980-10C5E862BFA5}.Debug|Any CPU.ActiveCfg = Debug|Any CPU
		{4E698CD7-3DA3-4F25-9980-10C5E862BFA5}.Debug|Any CPU.Build.0 = Debug|Any CPU
		{4E698CD7-3DA3-4F25-9980-10C5E862BFA5}.Release|Any CPU.ActiveCfg = Release|Any CPU
		{4E698CD7-3DA3-4F25-9980-10C5E862BFA5}.Release|Any CPU.Build.0 = Release|Any CPU
	EndGlobalSection
	GlobalSection(SolutionProperties) = preSolution
		HideSolutionNode = FALSE
	EndGlobalSection
	GlobalSection(ExtensibilityGlobals) = postSolution
		SolutionGuid = {1E31D351-4C80-42D4-93B7-08309FCF65C2}
	EndGlobalSection
EndGlobal
