
Microsoft Visual Studio Solution File, Format Version 12.00
# Visual Studio Version 16
VisualStudioVersion = 16.0.33130.400
MinimumVisualStudioVersion = 10.0.40219.1
Project("{9A19103F-16F7-4668-BE54-9A1E7A4F7556}") = "01.SingleInheritance", "01.SingleInheritance\01.SingleInheritance.csproj", "{70C8A4A2-2854-4E5D-9FB4-C1BF7DE7BEB6}"
EndProject
Project("{9A19103F-16F7-4668-BE54-9A1E7A4F7556}") = "02.MultipleInheritance", "02.MultipleInheritance\02.MultipleInheritance.csproj", "{A3A47C57-2A5E-46F0-93EF-23C898BA945E}"
EndProject
Project("{9A19103F-16F7-4668-BE54-9A1E7A4F7556}") = "03.HierarchicalInheritance", "03.HierarchicalInheritance\03.HierarchicalInheritance.csproj", "{E72C3235-FA56-4D1D-B89C-D3D08573EA9F}"
EndProject
Project("{9A19103F-16F7-4668-BE54-9A1E7A4F7556}") = "04.RandomList", "04.RandomList\04.RandomList.csproj", "{9343C6E1-BAD1-45DF-9F74-FBB1B38A908B}"
EndProject
Project("{9A19103F-16F7-4668-BE54-9A1E7A4F7556}") = "05.StackOfStrings", "05.StackOfStrings\05.StackOfStrings.csproj", "{4EABD5BD-18E8-4FE9-B767-F084F379553E}"
EndProject
Project("{FAE04EC0-301F-11D3-BF4B-00C04F79EFBC}") = "06.SomeTest", "06.SomeTest\06.SomeTest.csproj", "{3021F7F7-3C4B-482C-92C7-D39358E12E4A}"
EndProject
Global
	GlobalSection(SolutionConfigurationPlatforms) = preSolution
		Debug|Any CPU = Debug|Any CPU
		Release|Any CPU = Release|Any CPU
	EndGlobalSection
	GlobalSection(ProjectConfigurationPlatforms) = postSolution
		{70C8A4A2-2854-4E5D-9FB4-C1BF7DE7BEB6}.Debug|Any CPU.ActiveCfg = Debug|Any CPU
		{70C8A4A2-2854-4E5D-9FB4-C1BF7DE7BEB6}.Debug|Any CPU.Build.0 = Debug|Any CPU
		{70C8A4A2-2854-4E5D-9FB4-C1BF7DE7BEB6}.Release|Any CPU.ActiveCfg = Release|Any CPU
		{70C8A4A2-2854-4E5D-9FB4-C1BF7DE7BEB6}.Release|Any CPU.Build.0 = Release|Any CPU
		{A3A47C57-2A5E-46F0-93EF-23C898BA945E}.Debug|Any CPU.ActiveCfg = Debug|Any CPU
		{A3A47C57-2A5E-46F0-93EF-23C898BA945E}.Debug|Any CPU.Build.0 = Debug|Any CPU
		{A3A47C57-2A5E-46F0-93EF-23C898BA945E}.Release|Any CPU.ActiveCfg = Release|Any CPU
		{A3A47C57-2A5E-46F0-93EF-23C898BA945E}.Release|Any CPU.Build.0 = Release|Any CPU
		{E72C3235-FA56-4D1D-B89C-D3D08573EA9F}.Debug|Any CPU.ActiveCfg = Debug|Any CPU
		{E72C3235-FA56-4D1D-B89C-D3D08573EA9F}.Debug|Any CPU.Build.0 = Debug|Any CPU
		{E72C3235-FA56-4D1D-B89C-D3D08573EA9F}.Release|Any CPU.ActiveCfg = Release|Any CPU
		{E72C3235-FA56-4D1D-B89C-D3D08573EA9F}.Release|Any CPU.Build.0 = Release|Any CPU
		{9343C6E1-BAD1-45DF-9F74-FBB1B38A908B}.Debug|Any CPU.ActiveCfg = Debug|Any CPU
		{9343C6E1-BAD1-45DF-9F74-FBB1B38A908B}.Debug|Any CPU.Build.0 = Debug|Any CPU
		{9343C6E1-BAD1-45DF-9F74-FBB1B38A908B}.Release|Any CPU.ActiveCfg = Release|Any CPU
		{9343C6E1-BAD1-45DF-9F74-FBB1B38A908B}.Release|Any CPU.Build.0 = Release|Any CPU
		{4EABD5BD-18E8-4FE9-B767-F084F379553E}.Debug|Any CPU.ActiveCfg = Debug|Any CPU
		{4EABD5BD-18E8-4FE9-B767-F084F379553E}.Debug|Any CPU.Build.0 = Debug|Any CPU
		{4EABD5BD-18E8-4FE9-B767-F084F379553E}.Release|Any CPU.ActiveCfg = Release|Any CPU
		{4EABD5BD-18E8-4FE9-B767-F084F379553E}.Release|Any CPU.Build.0 = Release|Any CPU
		{3021F7F7-3C4B-482C-92C7-D39358E12E4A}.Debug|Any CPU.ActiveCfg = Debug|Any CPU
		{3021F7F7-3C4B-482C-92C7-D39358E12E4A}.Debug|Any CPU.Build.0 = Debug|Any CPU
		{3021F7F7-3C4B-482C-92C7-D39358E12E4A}.Release|Any CPU.ActiveCfg = Release|Any CPU
		{3021F7F7-3C4B-482C-92C7-D39358E12E4A}.Release|Any CPU.Build.0 = Release|Any CPU
	EndGlobalSection
	GlobalSection(SolutionProperties) = preSolution
		HideSolutionNode = FALSE
	EndGlobalSection
	GlobalSection(ExtensibilityGlobals) = postSolution
		SolutionGuid = {603DDED7-03BE-4EAD-A6CD-A1018AA107B6}
	EndGlobalSection
EndGlobal
