
Microsoft Visual Studio Solution File, Format Version 12.00
# Visual Studio Version 17
VisualStudioVersion = 17.5.33516.290
MinimumVisualStudioVersion = 10.0.40219.1
Project("{FAE04EC0-301F-11D3-BF4B-00C04F79EFBC}") = "Reflection", "Reflection.csproj", "{519201FC-D215-4667-91CA-2CEC6B0A790E}"
EndProject
Global
	GlobalSection(SolutionConfigurationPlatforms) = preSolution
		Debug|Any CPU = Debug|Any CPU
		Release|Any CPU = Release|Any CPU
	EndGlobalSection
	GlobalSection(ProjectConfigurationPlatforms) = postSolution
		{519201FC-D215-4667-91CA-2CEC6B0A790E}.Debug|Any CPU.ActiveCfg = Debug|Any CPU
		{519201FC-D215-4667-91CA-2CEC6B0A790E}.Debug|Any CPU.Build.0 = Debug|Any CPU
		{519201FC-D215-4667-91CA-2CEC6B0A790E}.Release|Any CPU.ActiveCfg = Release|Any CPU
		{519201FC-D215-4667-91CA-2CEC6B0A790E}.Release|Any CPU.Build.0 = Release|Any CPU
	EndGlobalSection
	GlobalSection(SolutionProperties) = preSolution
		HideSolutionNode = FALSE
	EndGlobalSection
	GlobalSection(ExtensibilityGlobals) = postSolution
		SolutionGuid = {6648B324-44F7-4F41-B45F-C9254B450F53}
	EndGlobalSection
EndGlobal
